# This file is autogenerated, do not edit; changes may be undone by the next 'dep ensure'.


[[projects]]
  name = "github.com/oklog/run"
  packages = ["."]
  revision = "4dadeb3030eda0273a12382bb2348ffc7c9d1a39"
  version = "v1.0.0"

[[projects]]
  branch = "master"
  name = "github.com/streadway/amqp"
  packages = ["."]
  revision = "fc7fda2371f5327ad39211e09482845b8734cc72"

[solve-meta]
  analyzer-name = "dep"
  analyzer-version = 1
  inputs-digest = "23e45b34f3b5df70f8036fb0b436d3d75bc1b4297e412758b3817c067196e172"
  solver-name = "gps-cdcl"
  solver-version = 1
